# This file is generated by running "yarn install" inside your project.
# Manual changes might be lost - proceed with caution!

__metadata:
  version: 4
  cacheKey: 8

"@prisma/client@npm:^2.30.0":
  version: 2.30.0
  resolution: "@prisma/client@npm:2.30.0"
  dependencies:
    "@prisma/engines-version": 2.30.0-28.60b19f4a1de4fe95741da371b4c44a92f4d1adcb
  peerDependencies:
    prisma: "*"
  peerDependenciesMeta:
    prisma:
      optional: true
  checksum: c3f61aa8e7ba40cd51958617247d120482c8e70a21710a6fda04dd9e41e446bed057cc1e6dffc5ab01648ba52ac86e5349e3302f1254509b38415e9d1f8eef00
  languageName: node
  linkType: hard

"@prisma/engines-version@npm:2.30.0-28.60b19f4a1de4fe95741da371b4c44a92f4d1adcb":
  version: 2.30.0-28.60b19f4a1de4fe95741da371b4c44a92f4d1adcb
  resolution: "@prisma/engines-version@npm:2.30.0-28.60b19f4a1de4fe95741da371b4c44a92f4d1adcb"
  checksum: 347b620d6e41bdabfcec0c8b0114f152594a73afbf29cda078b14b38689a920061741b7957dd3524dcb9928401caebe87264b569a1d0f467cd73d3b25ccc3bc1
  languageName: node
  linkType: hard

"@types/node@npm:^16.7.5":
  version: 16.7.5
  resolution: "@types/node@npm:16.7.5"
  checksum: 19765a6e2fea3269f627045a4e07a33f57dc567b5437c7bb18e585944a6c76a23e4b43969e586eac7d92247f424000992c1c8cbfd33faeae4676095aad4a2b61
  languageName: node
  linkType: hard

"axios@npm:^0.21.1":
  version: 0.21.1
  resolution: "axios@npm:0.21.1"
  dependencies:
    follow-redirects: ^1.10.0
  checksum: c87915fa0b18c15c63350112b6b3563a3e2ae524d7707de0a73d2e065e0d30c5d3da8563037bc29d4cc1b7424b5a350cb7274fa52525c6c04a615fe561c6ab11
  languageName: node
  linkType: hard

"dotenv-cra@npm:^3.0.1":
  version: 3.0.1
  resolution: "dotenv-cra@npm:3.0.1"
  dependencies:
    dotenv: ^10.0.0
    dotenv-expand: ^5.1.0
  checksum: 666c5ab6bb622d2ef7ef7b85621679932dd069090bacc69281987dee64e31c42b08ed491eef51ef129d4ec25ec6e1f73151f4ab45f88bdc9de821210abf34e59
  languageName: node
  linkType: hard

"dotenv-expand@npm:^5.1.0":
  version: 5.1.0
  resolution: "dotenv-expand@npm:5.1.0"
  checksum: 8017675b7f254384915d55f9eb6388e577cf0a1231a28d54b0ca03b782be9501b0ac90ac57338636d395fa59051e6209e9b44b8ddf169ce6076dffb5dea227d3
  languageName: node
  linkType: hard

"dotenv@npm:^10.0.0":
  version: 10.0.0
  resolution: "dotenv@npm:10.0.0"
  checksum: f412c5fe8c24fbe313d302d2500e247ba8a1946492db405a4de4d30dd0eb186a88a43f13c958c5a7de303938949c4231c56994f97d05c4bc1f22478d631b4005
  languageName: node
  linkType: hard

"events@npm:^3.3.0":
  version: 3.3.0
  resolution: "events@npm:3.3.0"
  checksum: f6f487ad2198aa41d878fa31452f1a3c00958f46e9019286ff4787c84aac329332ab45c9cdc8c445928fc6d7ded294b9e005a7fce9426488518017831b272780
  languageName: node
  linkType: hard

"follow-redirects@npm:^1.10.0":
  version: 1.14.2
  resolution: "follow-redirects@npm:1.14.2"
  peerDependenciesMeta:
    debug:
      optional: true
  checksum: 53195df4a2f36202177f40a2d59d497d630f3b20e2e51e2b697ee5f9c0a5261985f164b23d3744a574e117618af668d07c0d000c2c5cb0c1546851671585ac4e
  languageName: node
  linkType: hard

"groilTheHivenBo4t@workspace:.":
  version: 0.0.0-use.local
  resolution: "groilTheHivenBo4t@workspace:."
  dependencies:
    "@prisma/client": ^2.30.0
    "@types/node": ^16.7.5
    dotenv-cra: ^3.0.1
    hiven: ^2.0.11
  languageName: unknown
  linkType: soft

"hiven@npm:^2.0.11":
  version: 2.0.11
  resolution: "hiven@npm:2.0.11"
  dependencies:
    axios: ^0.21.1
    events: ^3.3.0
    node-fetch: ^2.6.1
    ws: ^8.0.0
  checksum: 1bf4a06e8ca0d5df60390973e267964435f24caf13ffebda0c5e3d57a03d2345939901c32bd8fb0c26121804d25b403d5ed9f08d516ba91f1342c7f392c825a5
  languageName: node
  linkType: hard

"node-fetch@npm:^2.6.1":
  version: 2.6.1
  resolution: "node-fetch@npm:2.6.1"
  checksum: 91075bedd57879117e310fbcc36983ad5d699e522edb1ebcdc4ee5294c982843982652925c3532729fdc86b2d64a8a827797a745f332040d91823c8752ee4d7c
  languageName: node
  linkType: hard

"ws@npm:^8.0.0":
  version: 8.2.1
  resolution: "ws@npm:8.2.1"
  peerDependencies:
    bufferutil: ^4.0.1
    utf-8-validate: ^5.0.2
  peerDependenciesMeta:
    bufferutil:
      optional: true
    utf-8-validate:
      optional: true
  checksum: 22906903c7952790a911627f99e3419d8f251a6a540d9ba4f334a7e0865d7ea7026d8ad23829c3c0f2843a9f15bdb91c646e7f8853a5a5ba25a57dea2cf7d416
  languageName: node
  linkType: hard
